
Microsoft Visual Studio Solution File, Format Version 12.00
# Visual Studio Version 17
VisualStudioVersion = 17.0.31903.59
MinimumVisualStudioVersion = 10.0.40219.1
Project("{FAE04EC0-301F-11D3-BF4B-00C04F79EFBC}") = "API", "API\API.csproj", "{86FBF070-F366-42F2-B930-D22B89A50641}"
EndProject
Project("{FAE04EC0-301F-11D3-BF4B-00C04F79EFBC}") = "Application", "Application\Application.csproj", "{9816E0AD-AEF6-4C4E-A4BA-3B6AD489239A}"
EndProject
Project("{FAE04EC0-301F-11D3-BF4B-00C04F79EFBC}") = "Domain", "Domain\Domain.csproj", "{803794D6-04C9-46E8-AA18-95D111A985E6}"
EndProject
Project("{FAE04EC0-301F-11D3-BF4B-00C04F79EFBC}") = "Persistence", "Persistence\Persistence.csproj", "{0207E8FF-E4D9-4CCA-BB8A-B663A469CB92}"
EndProject
Global
	GlobalSection(SolutionConfigurationPlatforms) = preSolution
		Debug|Any CPU = Debug|Any CPU
		Release|Any CPU = Release|Any CPU
	EndGlobalSection
	GlobalSection(SolutionProperties) = preSolution
		HideSolutionNode = FALSE
	EndGlobalSection
	GlobalSection(ProjectConfigurationPlatforms) = postSolution
		{86FBF070-F366-42F2-B930-D22B89A50641}.Debug|Any CPU.ActiveCfg = Debug|Any CPU
		{86FBF070-F366-42F2-B930-D22B89A50641}.Debug|Any CPU.Build.0 = Debug|Any CPU
		{86FBF070-F366-42F2-B930-D22B89A50641}.Release|Any CPU.ActiveCfg = Release|Any CPU
		{86FBF070-F366-42F2-B930-D22B89A50641}.Release|Any CPU.Build.0 = Release|Any CPU
		{9816E0AD-AEF6-4C4E-A4BA-3B6AD489239A}.Debug|Any CPU.ActiveCfg = Debug|Any CPU
		{9816E0AD-AEF6-4C4E-A4BA-3B6AD489239A}.Debug|Any CPU.Build.0 = Debug|Any CPU
		{9816E0AD-AEF6-4C4E-A4BA-3B6AD489239A}.Release|Any CPU.ActiveCfg = Release|Any CPU
		{9816E0AD-AEF6-4C4E-A4BA-3B6AD489239A}.Release|Any CPU.Build.0 = Release|Any CPU
		{803794D6-04C9-46E8-AA18-95D111A985E6}.Debug|Any CPU.ActiveCfg = Debug|Any CPU
		{803794D6-04C9-46E8-AA18-95D111A985E6}.Debug|Any CPU.Build.0 = Debug|Any CPU
		{803794D6-04C9-46E8-AA18-95D111A985E6}.Release|Any CPU.ActiveCfg = Release|Any CPU
		{803794D6-04C9-46E8-AA18-95D111A985E6}.Release|Any CPU.Build.0 = Release|Any CPU
		{0207E8FF-E4D9-4CCA-BB8A-B663A469CB92}.Debug|Any CPU.ActiveCfg = Debug|Any CPU
		{0207E8FF-E4D9-4CCA-BB8A-B663A469CB92}.Debug|Any CPU.Build.0 = Debug|Any CPU
		{0207E8FF-E4D9-4CCA-BB8A-B663A469CB92}.Release|Any CPU.ActiveCfg = Release|Any CPU
		{0207E8FF-E4D9-4CCA-BB8A-B663A469CB92}.Release|Any CPU.Build.0 = Release|Any CPU
	EndGlobalSection
EndGlobal
